{
  "requires": true,
  "lockfileVersion": 1,
  "dependencies": {
    "@vercel/speed-insights": {
      "version": "1.0.11",
      "resolved": "https://registry.npmjs.org/@vercel/speed-insights/-/speed-insights-1.0.11.tgz",
      "integrity": "sha512-l9hzSNmJvb2Yqpgd/BzpiT0J0aQDdtqxOf3Xm+iW4PICxVvhY1ef7Otdx4GXI+88dVkws57qMzXiShz19gXzSQ=="
    }
  }
}
